Microsoft Visual Studio Solution File, Format Version 12.00
# Visual Studio Version 17
VisualStudioVersion = 17.5.2.0
MinimumVisualStudioVersion = 10.0.40219.1
Project("{FAE04EC0-301F-11D3-BF4B-00C04F79EFBC}") = "Cinema", "Cinema\Cinema.csproj", "{88732EE9-428D-89EA-2BF7-F49C1B3CC3E5}"
EndProject
Project("{2150E333-8FDC-42A3-9474-1A3956D46DE8}") = "Modules", "Modules", "{CA253913-39DE-BFD0-C9A3-4B7EC6FBDF17}"
EndProject
Project("{FAE04EC0-301F-11D3-BF4B-00C04F79EFBC}") = "Auth", "Modules\Auth\Auth.csproj", "{A80B069F-7A0F-9ACF-C505-D83A170CA820}"
EndProject
Project("{FAE04EC0-301F-11D3-BF4B-00C04F79EFBC}") = "Tickets", "Modules\Tickets\Tickets.csproj", "{8D6F33FD-1EDC-C906-8E0F-2D94A69FD5A9}"
EndProject
Project("{FAE04EC0-301F-11D3-BF4B-00C04F79EFBC}") = "Movie", "Modules\Movie\Movie.csproj", "{8B923192-E622-7907-3422-B452EBC0A8FA}"
EndProject
Global
	GlobalSection(SolutionConfigurationPlatforms) = preSolution
		Debug|Any CPU = Debug|Any CPU
		Release|Any CPU = Release|Any CPU
	EndGlobalSection
	GlobalSection(ProjectConfigurationPlatforms) = postSolution
		{88732EE9-428D-89EA-2BF7-F49C1B3CC3E5}.Debug|Any CPU.ActiveCfg = Debug|Any CPU
		{88732EE9-428D-89EA-2BF7-F49C1B3CC3E5}.Debug|Any CPU.Build.0 = Debug|Any CPU
		{88732EE9-428D-89EA-2BF7-F49C1B3CC3E5}.Release|Any CPU.ActiveCfg = Release|Any CPU
		{88732EE9-428D-89EA-2BF7-F49C1B3CC3E5}.Release|Any CPU.Build.0 = Release|Any CPU
		{A80B069F-7A0F-9ACF-C505-D83A170CA820}.Debug|Any CPU.ActiveCfg = Debug|Any CPU
		{A80B069F-7A0F-9ACF-C505-D83A170CA820}.Debug|Any CPU.Build.0 = Debug|Any CPU
		{A80B069F-7A0F-9ACF-C505-D83A170CA820}.Release|Any CPU.ActiveCfg = Release|Any CPU
		{A80B069F-7A0F-9ACF-C505-D83A170CA820}.Release|Any CPU.Build.0 = Release|Any CPU
		{8D6F33FD-1EDC-C906-8E0F-2D94A69FD5A9}.Debug|Any CPU.ActiveCfg = Debug|Any CPU
		{8D6F33FD-1EDC-C906-8E0F-2D94A69FD5A9}.Debug|Any CPU.Build.0 = Debug|Any CPU
		{8D6F33FD-1EDC-C906-8E0F-2D94A69FD5A9}.Release|Any CPU.ActiveCfg = Release|Any CPU
		{8D6F33FD-1EDC-C906-8E0F-2D94A69FD5A9}.Release|Any CPU.Build.0 = Release|Any CPU
		{8B923192-E622-7907-3422-B452EBC0A8FA}.Debug|Any CPU.ActiveCfg = Debug|Any CPU
		{8B923192-E622-7907-3422-B452EBC0A8FA}.Debug|Any CPU.Build.0 = Debug|Any CPU
		{8B923192-E622-7907-3422-B452EBC0A8FA}.Release|Any CPU.ActiveCfg = Release|Any CPU
		{8B923192-E622-7907-3422-B452EBC0A8FA}.Release|Any CPU.Build.0 = Release|Any CPU
	EndGlobalSection
	GlobalSection(SolutionProperties) = preSolution
		HideSolutionNode = FALSE
	EndGlobalSection
	GlobalSection(NestedProjects) = preSolution
		{A80B069F-7A0F-9ACF-C505-D83A170CA820} = {CA253913-39DE-BFD0-C9A3-4B7EC6FBDF17}
		{8D6F33FD-1EDC-C906-8E0F-2D94A69FD5A9} = {CA253913-39DE-BFD0-C9A3-4B7EC6FBDF17}
		{8B923192-E622-7907-3422-B452EBC0A8FA} = {CA253913-39DE-BFD0-C9A3-4B7EC6FBDF17}
	EndGlobalSection
	GlobalSection(ExtensibilityGlobals) = postSolution
		SolutionGuid = {0A7FE811-D8DD-4C61-992E-82E75D5DE767}
	EndGlobalSection
EndGlobal
